PODS:
  - Alamofire (4.5.1)
  - AlamofireObjectMapper (4.1.0):
    - Alamofire (~> 4.1)
    - ObjectMapper (~> 2.0)
  - ObjectMapper (2.2.8)
  - SwifterSwift (3.1.1):
    - SwifterSwift/Cocoa (= 3.1.1)
    - SwifterSwift/Foundation (= 3.1.1)
    - SwifterSwift/UIKit (= 3.1.1)
  - SwifterSwift/Cocoa (3.1.1)
  - SwifterSwift/Foundation (3.1.1)
  - SwifterSwift/UIKit (3.1.1)

DEPENDENCIES:
  - Alamofire (~> 4.5)
  - AlamofireObjectMapper (~> 4.0)
  - SwifterSwift

SPEC CHECKSUMS:
  Alamofire: 2d95912bf4c34f164fdfc335872e8c312acaea4a
  AlamofireObjectMapper: 435adc82f5b367679bd9e71c4974a54efd0b2521
  ObjectMapper: 3d571bb5af471c779e1160828cd9ad5c4ef90958
  SwifterSwift: 8a93e265c97f552ff03a0da2369c74a3c030d482

PODFILE CHECKSUM: 86e4b58764f5769d5fc11a25a9ba792b805fe33f

COCOAPODS: 1.2.0
